
Microsoft Visual Studio Solution File, Format Version 12.00
Project("{FAE04EC0-301F-11D3-BF4B-00C04F79EFBC}") = "EntityFramewrokCoreExtension", "EntityFramewrokCoreExtension\EntityFramewrokCoreExtension.csproj", "{07BAB3E7-C7B1-4D16-AACF-C7E68AE5004C}"
EndProject
Global
	GlobalSection(SolutionConfigurationPlatforms) = preSolution
		Debug|Any CPU = Debug|Any CPU
		Release|Any CPU = Release|Any CPU
	EndGlobalSection
	GlobalSection(ProjectConfigurationPlatforms) = postSolution
		{07BAB3E7-C7B1-4D16-AACF-C7E68AE5004C}.Debug|Any CPU.ActiveCfg = Debug|Any CPU
		{07BAB3E7-C7B1-4D16-AACF-C7E68AE5004C}.Debug|Any CPU.Build.0 = Debug|Any CPU
		{07BAB3E7-C7B1-4D16-AACF-C7E68AE5004C}.Release|Any CPU.ActiveCfg = Release|Any CPU
		{07BAB3E7-C7B1-4D16-AACF-C7E68AE5004C}.Release|Any CPU.Build.0 = Release|Any CPU
	EndGlobalSection
EndGlobal
